
Microsoft Visual Studio Solution File, Format Version 12.00
# Visual Studio 15
VisualStudioVersion = 15.0.28307.572
MinimumVisualStudioVersion = 10.0.40219.1
Project("{D2ABAB84-BF74-430A-B69E-9DC6D40DDA17}") = "CuboSakila", "CuboSakila\CuboSakila.dwproj", "{FBE9708C-AFD1-4158-B5D3-64C69C46AB69}"
EndProject
Global
	GlobalSection(SolutionConfigurationPlatforms) = preSolution
		Development|Default = Development|Default
	EndGlobalSection
	GlobalSection(ProjectConfigurationPlatforms) = postSolution
		{FBE9708C-AFD1-4158-B5D3-64C69C46AB69}.Development|Default.ActiveCfg = Development
		{FBE9708C-AFD1-4158-B5D3-64C69C46AB69}.Development|Default.Build.0 = Development
		{FBE9708C-AFD1-4158-B5D3-64C69C46AB69}.Development|Default.Deploy.0 = Development
	EndGlobalSection
	GlobalSection(SolutionProperties) = preSolution
		HideSolutionNode = FALSE
	EndGlobalSection
	GlobalSection(ExtensibilityGlobals) = postSolution
		SolutionGuid = {F19F808A-A97D-4ACA-9832-B443EE18EA25}
	EndGlobalSection
EndGlobal
